
Microsoft Visual Studio Solution File, Format Version 12.00
# Visual Studio 15
VisualStudioVersion = 15.0.28307.329
MinimumVisualStudioVersion = 10.0.40219.1
Project("{9A19103F-16F7-4668-BE54-9A1E7A4F7556}") = "Cafedebug.Web", "Cafedebug.Web\Cafedebug.Web.csproj", "{6DA1B430-49C6-43AA-BF97-DB3C7BB3775E}"
EndProject
Project("{9A19103F-16F7-4668-BE54-9A1E7A4F7556}") = "Cafedebug.Business", "Cafedebug.Business\Cafedebug.Business.csproj", "{EB6EB823-1F2A-44CC-BBDE-9C9A152E7227}"
EndProject
Project("{9A19103F-16F7-4668-BE54-9A1E7A4F7556}") = "Cafedebug.Data", "Cafedebug.Data\Cafedebug.Data.csproj", "{7D02E7E1-EA1B-4F89-BE73-57C03D145BEB}"
EndProject
Project("{9A19103F-16F7-4668-BE54-9A1E7A4F7556}") = "Cafedebug.UnitTest", "Cafedebug.UnitTest\Cafedebug.UnitTest.csproj", "{BF624638-A8E6-4BE1-9C65-FFBD235DE7BE}"
EndProject
Global
	GlobalSection(SolutionConfigurationPlatforms) = preSolution
		Debug|Any CPU = Debug|Any CPU
		Release|Any CPU = Release|Any CPU
	EndGlobalSection
	GlobalSection(ProjectConfigurationPlatforms) = postSolution
		{6DA1B430-49C6-43AA-BF97-DB3C7BB3775E}.Debug|Any CPU.ActiveCfg = Debug|Any CPU
		{6DA1B430-49C6-43AA-BF97-DB3C7BB3775E}.Debug|Any CPU.Build.0 = Debug|Any CPU
		{6DA1B430-49C6-43AA-BF97-DB3C7BB3775E}.Release|Any CPU.ActiveCfg = Release|Any CPU
		{6DA1B430-49C6-43AA-BF97-DB3C7BB3775E}.Release|Any CPU.Build.0 = Release|Any CPU
		{EB6EB823-1F2A-44CC-BBDE-9C9A152E7227}.Debug|Any CPU.ActiveCfg = Debug|Any CPU
		{EB6EB823-1F2A-44CC-BBDE-9C9A152E7227}.Debug|Any CPU.Build.0 = Debug|Any CPU
		{EB6EB823-1F2A-44CC-BBDE-9C9A152E7227}.Release|Any CPU.ActiveCfg = Release|Any CPU
		{EB6EB823-1F2A-44CC-BBDE-9C9A152E7227}.Release|Any CPU.Build.0 = Release|Any CPU
		{7D02E7E1-EA1B-4F89-BE73-57C03D145BEB}.Debug|Any CPU.ActiveCfg = Debug|Any CPU
		{7D02E7E1-EA1B-4F89-BE73-57C03D145BEB}.Debug|Any CPU.Build.0 = Debug|Any CPU
		{7D02E7E1-EA1B-4F89-BE73-57C03D145BEB}.Release|Any CPU.ActiveCfg = Release|Any CPU
		{7D02E7E1-EA1B-4F89-BE73-57C03D145BEB}.Release|Any CPU.Build.0 = Release|Any CPU
		{BF624638-A8E6-4BE1-9C65-FFBD235DE7BE}.Debug|Any CPU.ActiveCfg = Debug|Any CPU
		{BF624638-A8E6-4BE1-9C65-FFBD235DE7BE}.Debug|Any CPU.Build.0 = Debug|Any CPU
		{BF624638-A8E6-4BE1-9C65-FFBD235DE7BE}.Release|Any CPU.ActiveCfg = Release|Any CPU
		{BF624638-A8E6-4BE1-9C65-FFBD235DE7BE}.Release|Any CPU.Build.0 = Release|Any CPU
	EndGlobalSection
	GlobalSection(SolutionProperties) = preSolution
		HideSolutionNode = FALSE
	EndGlobalSection
	GlobalSection(ExtensibilityGlobals) = postSolution
		SolutionGuid = {0A4F312B-CD53-4DEA-A64D-2C249AABB789}
	EndGlobalSection
EndGlobal
